
Microsoft Visual Studio Solution File, Format Version 12.00
# Visual Studio Version 17
VisualStudioVersion = 17.14.36109.1
MinimumVisualStudioVersion = 10.0.40219.1
Project("{FAE04EC0-301F-11D3-BF4B-00C04F79EFBC}") = "AdminPanel", "AdminPanel\AdminPanel.csproj", "{BE229862-6E31-448B-8A65-E3A0BE989748}"
EndProject
Project("{FAE04EC0-301F-11D3-BF4B-00C04F79EFBC}") = "API", "API\API.csproj", "{81657737-15C6-4992-8FE3-383A6787FACC}"
EndProject
Project("{FAE04EC0-301F-11D3-BF4B-00C04F79EFBC}") = "WebApp", "WebApp\WebApp.csproj", "{01A94826-7B0E-48C7-9779-299B6DDE28C0}"
EndProject
Project("{2150E333-8FDC-42A3-9474-1A3956D46DE8}") = "k8s", "k8s", "{02EA681E-C7D8-13C7-8484-4AC65E1B71E8}"
	ProjectSection(SolutionItems) = preProject
		adminpanel.yaml = adminpanel.yaml
		api.yaml = api.yaml
		webapp.yaml = webapp.yaml
	EndProjectSection
EndProject
Global
	GlobalSection(SolutionConfigurationPlatforms) = preSolution
		Debug|Any CPU = Debug|Any CPU
		Release|Any CPU = Release|Any CPU
	EndGlobalSection
	GlobalSection(ProjectConfigurationPlatforms) = postSolution
		{BE229862-6E31-448B-8A65-E3A0BE989748}.Debug|Any CPU.ActiveCfg = Debug|Any CPU
		{BE229862-6E31-448B-8A65-E3A0BE989748}.Debug|Any CPU.Build.0 = Debug|Any CPU
		{BE229862-6E31-448B-8A65-E3A0BE989748}.Release|Any CPU.ActiveCfg = Release|Any CPU
		{BE229862-6E31-448B-8A65-E3A0BE989748}.Release|Any CPU.Build.0 = Release|Any CPU
		{81657737-15C6-4992-8FE3-383A6787FACC}.Debug|Any CPU.ActiveCfg = Debug|Any CPU
		{81657737-15C6-4992-8FE3-383A6787FACC}.Debug|Any CPU.Build.0 = Debug|Any CPU
		{81657737-15C6-4992-8FE3-383A6787FACC}.Release|Any CPU.ActiveCfg = Release|Any CPU
		{81657737-15C6-4992-8FE3-383A6787FACC}.Release|Any CPU.Build.0 = Release|Any CPU
		{01A94826-7B0E-48C7-9779-299B6DDE28C0}.Debug|Any CPU.ActiveCfg = Debug|Any CPU
		{01A94826-7B0E-48C7-9779-299B6DDE28C0}.Debug|Any CPU.Build.0 = Debug|Any CPU
		{01A94826-7B0E-48C7-9779-299B6DDE28C0}.Release|Any CPU.ActiveCfg = Release|Any CPU
		{01A94826-7B0E-48C7-9779-299B6DDE28C0}.Release|Any CPU.Build.0 = Release|Any CPU
	EndGlobalSection
	GlobalSection(SolutionProperties) = preSolution
		HideSolutionNode = FALSE
	EndGlobalSection
	GlobalSection(ExtensibilityGlobals) = postSolution
		SolutionGuid = {78CD8B35-6059-47E4-BA23-FBDC8CCE85E2}
	EndGlobalSection
EndGlobal
